
Microsoft Visual Studio Solution File, Format Version 12.00
# Visual Studio Version 16
VisualStudioVersion = 16.0.30717.126
MinimumVisualStudioVersion = 10.0.40219.1
Project("{FAE04EC0-301F-11D3-BF4B-00C04F79EFBC}") = "CUAFunding", "CUAFunding\CUAFunding.csproj", "{668878E9-2006-41BD-9F78-E7508DDB4ABD}"
EndProject
Global
	GlobalSection(SolutionConfigurationPlatforms) = preSolution
		Debug|Any CPU = Debug|Any CPU
		Release|Any CPU = Release|Any CPU
	EndGlobalSection
	GlobalSection(ProjectConfigurationPlatforms) = postSolution
		{668878E9-2006-41BD-9F78-E7508DDB4ABD}.Debug|Any CPU.ActiveCfg = Debug|Any CPU
		{668878E9-2006-41BD-9F78-E7508DDB4ABD}.Debug|Any CPU.Build.0 = Debug|Any CPU
		{668878E9-2006-41BD-9F78-E7508DDB4ABD}.Release|Any CPU.ActiveCfg = Release|Any CPU
		{668878E9-2006-41BD-9F78-E7508DDB4ABD}.Release|Any CPU.Build.0 = Release|Any CPU
	EndGlobalSection
	GlobalSection(SolutionProperties) = preSolution
		HideSolutionNode = FALSE
	EndGlobalSection
	GlobalSection(ExtensibilityGlobals) = postSolution
		SolutionGuid = {ABA6BA71-F62C-4530-BDD5-E27DCC75E115}
	EndGlobalSection
EndGlobal
